
Microsoft Visual Studio Solution File, Format Version 11.00
# Visual Studio 2010
Project("{FAE04EC0-301F-11D3-BF4B-00C04F79EFBC}") = "AWConEF", "AWConEF\AWConEF.csproj", "{A5386865-65D6-4DAC-993E-3C126B5BBD30}"
EndProject
Project("{FAE04EC0-301F-11D3-BF4B-00C04F79EFBC}") = "AWModel", "..\AWModel\AWModel\AWModel.csproj", "{D211CE5F-179C-4B88-B50E-897915AE0671}"
EndProject
Global
	GlobalSection(SolutionConfigurationPlatforms) = preSolution
		Debug|Any CPU = Debug|Any CPU
		Debug|Mixed Platforms = Debug|Mixed Platforms
		Debug|x86 = Debug|x86
		Release|Any CPU = Release|Any CPU
		Release|Mixed Platforms = Release|Mixed Platforms
		Release|x86 = Release|x86
	EndGlobalSection
	GlobalSection(ProjectConfigurationPlatforms) = postSolution
		{A5386865-65D6-4DAC-993E-3C126B5BBD30}.Debug|Any CPU.ActiveCfg = Debug|x86
		{A5386865-65D6-4DAC-993E-3C126B5BBD30}.Debug|Mixed Platforms.ActiveCfg = Debug|x86
		{A5386865-65D6-4DAC-993E-3C126B5BBD30}.Debug|Mixed Platforms.Build.0 = Debug|x86
		{A5386865-65D6-4DAC-993E-3C126B5BBD30}.Debug|x86.ActiveCfg = Debug|x86
		{A5386865-65D6-4DAC-993E-3C126B5BBD30}.Debug|x86.Build.0 = Debug|x86
		{A5386865-65D6-4DAC-993E-3C126B5BBD30}.Release|Any CPU.ActiveCfg = Release|x86
		{A5386865-65D6-4DAC-993E-3C126B5BBD30}.Release|Mixed Platforms.ActiveCfg = Release|x86
		{A5386865-65D6-4DAC-993E-3C126B5BBD30}.Release|Mixed Platforms.Build.0 = Release|x86
		{A5386865-65D6-4DAC-993E-3C126B5BBD30}.Release|x86.ActiveCfg = Release|x86
		{A5386865-65D6-4DAC-993E-3C126B5BBD30}.Release|x86.Build.0 = Release|x86
		{D211CE5F-179C-4B88-B50E-897915AE0671}.Debug|Any CPU.ActiveCfg = Debug|Any CPU
		{D211CE5F-179C-4B88-B50E-897915AE0671}.Debug|Any CPU.Build.0 = Debug|Any CPU
		{D211CE5F-179C-4B88-B50E-897915AE0671}.Debug|Mixed Platforms.ActiveCfg = Debug|Any CPU
		{D211CE5F-179C-4B88-B50E-897915AE0671}.Debug|Mixed Platforms.Build.0 = Debug|Any CPU
		{D211CE5F-179C-4B88-B50E-897915AE0671}.Debug|x86.ActiveCfg = Debug|Any CPU
		{D211CE5F-179C-4B88-B50E-897915AE0671}.Release|Any CPU.ActiveCfg = Release|Any CPU
		{D211CE5F-179C-4B88-B50E-897915AE0671}.Release|Any CPU.Build.0 = Release|Any CPU
		{D211CE5F-179C-4B88-B50E-897915AE0671}.Release|Mixed Platforms.ActiveCfg = Release|Any CPU
		{D211CE5F-179C-4B88-B50E-897915AE0671}.Release|Mixed Platforms.Build.0 = Release|Any CPU
		{D211CE5F-179C-4B88-B50E-897915AE0671}.Release|x86.ActiveCfg = Release|Any CPU
	EndGlobalSection
	GlobalSection(SolutionProperties) = preSolution
		HideSolutionNode = FALSE
	EndGlobalSection
EndGlobal
